// !$*UTF8*$!
{
	archiveVersion = 1;
	classes = {
	};
	objectVersion = 46;
	objects = {

/* Begin PBXBuildFile section */
		61410F321B446E130058F3BC /* AppDelegate.swift in Sources */ = {isa = PBXBuildFile; fileRef = 61410F311B446E130058F3BC /* AppDelegate.swift */; };
		61410F341B446E130058F3BC /* ViewController.swift in Sources */ = {isa = PBXBuildFile; fileRef = 61410F331B446E130058F3BC /* ViewController.swift */; };
		61410F371B446E130058F3BC /* Main.storyboard in Resources */ = {isa = PBXBuildFile; fileRef = 61410F351B446E130058F3BC /* Main.storyboard */; };
		61410F391B446E130058F3BC /* Assets.xcassets in Resources */ = {isa = PBXBuildFile; fileRef = 61410F381B446E130058F3BC /* Assets.xcassets */; };
		61410F3C1B446E130058F3BC /* LaunchScreen.storyboard in Resources */ = {isa = PBXBuildFile; fileRef = 61410F3A1B446E130058F3BC /* LaunchScreen.storyboard */; };
		61410F471B446E130058F3BC /* Homework_2MadLibsTests.swift in Sources */ = {isa = PBXBuildFile; fileRef = 61410F461B446E130058F3BC /* Homework_2MadLibsTests.swift */; };
		61410F521B446E130058F3BC /* Homework_2MadLibsUITests.swift in Sources */ = {isa = PBXBuildFile; fileRef = 61410F511B446E130058F3BC /* Homework_2MadLibsUITests.swift */; };
/* End PBXBuildFile section */

/* Begin PBXContainerItemProxy section */
		61410F431B446E130058F3BC /* PBXContainerItemProxy */ = {
			isa = PBXContainerItemProxy;
			containerPortal = 61410F261B446E130058F3BC /* Project object */;
			proxyType = 1;
			remoteGlobalIDString = 61410F2D1B446E130058F3BC;
			remoteInfo = "Homework#2MadLibs";
		};
		61410F4E1B446E130058F3BC /* PBXContainerItemProxy */ = {
			isa = PBXContainerItemProxy;
			containerPortal = 61410F261B446E130058F3BC /* Project object */;
			proxyType = 1;
			remoteGlobalIDString = 61410F2D1B446E130058F3BC;
			remoteInfo = "Homework#2MadLibs";
		};
/* End PBXContainerItemProxy section */

/* Begin PBXFileReference section */
		61410F2E1B446E130058F3BC /* Homework#2MadLibs.app */ = {isa = PBXFileReference; explicitFileType = wrapper.application; includeInIndex = 0; path = "Homework#2MadLibs.app"; sourceTree = BUILT_PRODUCTS_DIR; };
		61410F311B446E130058F3BC /* AppDelegate.swift */ = {isa = PBXFileReference; lastKnownFileType = sourcecode.swift; path = AppDelegate.swift; sourceTree = "<group>"; };
		61410F331B446E130058F3BC /* ViewController.swift */ = {isa = PBXFileReference; lastKnownFileType = sourcecode.swift; path = ViewController.swift; sourceTree = "<group>"; };
		61410F361B446E130058F3BC /* Base */ = {isa = PBXFileReference; lastKnownFileType = file.storyboard; name = Base; path = Base.lproj/Main.storyboard; sourceTree = "<group>"; };
		61410F381B446E130058F3BC /* Assets.xcassets */ = {isa = PBXFileReference; lastKnownFileType = folder.assetcatalog; path = Assets.xcassets; sourceTree = "<group>"; };
		61410F3B1B446E130058F3BC /* Base */ = {isa = PBXFileReference; lastKnownFileType = file.storyboard; name = Base; path = Base.lproj/LaunchScreen.storyboard; sourceTree = "<group>"; };
		61410F3D1B446E130058F3BC /* Info.plist */ = {isa = PBXFileReference; lastKnownFileType = text.plist.xml; path = Info.plist; sourceTree = "<group>"; };
		61410F421B446E130058F3BC /* Homework#2MadLibsTests.xctest */ = {isa = PBXFileReference; explicitFileType = wrapper.cfbundle; includeInIndex = 0; path = "Homework#2MadLibsTests.xctest"; sourceTree = BUILT_PRODUCTS_DIR; };
		61410F461B446E130058F3BC /* Homework_2MadLibsTests.swift */ = {isa = PBXFileReference; lastKnownFileType = sourcecode.swift; path = Homework_2MadLibsTests.swift; sourceTree = "<group>"; };
		61410F481B446E130058F3BC /* Info.plist */ = {isa = PBXFileReference; lastKnownFileType = text.plist.xml; path = Info.plist; sourceTree = "<group>"; };
		61410F4D1B446E130058F3BC /* Homework#2MadLibsUITests.xctest */ = {isa = PBXFileReference; explicitFileType = wrapper.cfbundle; includeInIndex = 0; path = "Homework#2MadLibsUITests.xctest"; sourceTree = BUILT_PRODUCTS_DIR; };
		61410F511B446E130058F3BC /* Homework_2MadLibsUITests.swift */ = {isa = PBXFileReference; lastKnownFileType = sourcecode.swift; path = Homework_2MadLibsUITests.swift; sourceTree = "<group>"; };
		61410F531B446E130058F3BC /* Info.plist */ = {isa = PBXFileReference; lastKnownFileType = text.plist.xml; path = Info.plist; sourceTree = "<group>"; };
/* End PBXFileReference section */

/* Begin PBXFrameworksBuildPhase section */
		61410F2B1B446E130058F3BC /* Frameworks */ = {
			isa = PBXFrameworksBuildPhase;
			buildActionMask = 2147483647;
			files = (
			);
			runOnlyForDeploymentPostprocessing = 0;
		};
		61410F3F1B446E130058F3BC /* Frameworks */ = {
			isa = PBXFrameworksBuildPhase;
			buildActionMask = 2147483647;
			files = (
			);
			runOnlyForDeploymentPostprocessing = 0;
		};
		61410F4A1B446E130058F3BC /* Frameworks */ = {
			isa = PBXFrameworksBuildPhase;
			buildActionMask = 2147483647;
			files = (
			);
			runOnlyForDeploymentPostprocessing = 0;
		};
/* End PBXFrameworksBuildPhase section */

/* Begin PBXGroup section */
		61410F251B446E130058F3BC = {
			isa = PBXGroup;
			children = (
				61410F301B446E130058F3BC /* Homework#2MadLibs */,
				61410F451B446E130058F3BC /* Homework#2MadLibsTests */,
				61410F501B446E130058F3BC /* Homework#2MadLibsUITests */,
				61410F2F1B446E130058F3BC /* Products */,
			);
			sourceTree = "<group>";
		};
		61410F2F1B446E130058F3BC /* Products */ = {
			isa = PBXGroup;
			children = (
				61410F2E1B446E130058F3BC /* Homework#2MadLibs.app */,
				61410F421B446E130058F3BC /* Homework#2MadLibsTests.xctest */,
				61410F4D1B446E130058F3BC /* Homework#2MadLibsUITests.xctest */,
			);
			name = Products;
			sourceTree = "<group>";
		};
		61410F301B446E130058F3BC /* Homework#2MadLibs */ = {
			isa = PBXGroup;
			children = (
				61410F311B446E130058F3BC /* AppDelegate.swift */,
				61410F331B446E130058F3BC /* ViewController.swift */,
				61410F351B446E130058F3BC /* Main.storyboard */,
				61410F381B446E130058F3BC /* Assets.xcassets */,
				61410F3A1B446E130058F3BC /* LaunchScreen.storyboard */,
				61410F3D1B446E130058F3BC /* Info.plist */,
			);
			path = "Homework#2MadLibs";
			sourceTree = "<group>";
		};
		61410F451B446E130058F3BC /* Homework#2MadLibsTests */ = {
			isa = PBXGroup;
			children = (
				61410F461B446E130058F3BC /* Homework_2MadLibsTests.swift */,
				61410F481B446E130058F3BC /* Info.plist */,
			);
			path = "Homework#2MadLibsTests";
			sourceTree = "<group>";
		};
		61410F501B446E130058F3BC /* Homework#2MadLibsUITests */ = {
			isa = PBXGroup;
			children = (
				61410F511B446E130058F3BC /* Homework_2MadLibsUITests.swift */,
				61410F531B446E130058F3BC /* Info.plist */,
			);
			path = "Homework#2MadLibsUITests";
			sourceTree = "<group>";
		};
/* End PBXGroup section */

/* Begin PBXNativeTarget section */
		61410F2D1B446E130058F3BC /* Homework#2MadLibs */ = {
			isa = PBXNativeTarget;
			buildConfigurationList = 61410F561B446E130058F3BC /* Build configuration list for PBXNativeTarget "Homework#2MadLibs" */;
			buildPhases = (
				61410F2A1B446E130058F3BC /* Sources */,
				61410F2B1B446E130058F3BC /* Frameworks */,
				61410F2C1B446E130058F3BC /* Resources */,
			);
			buildRules = (
			);
			dependencies = (
			);
			name = "Homework#2MadLibs";
			productName = "Homework#2MadLibs";
			productReference = 61410F2E1B446E130058F3BC /* Homework#2MadLibs.app */;
			productType = "com.apple.product-type.application";
		};
		61410F411B446E130058F3BC /* Homework#2MadLibsTests */ = {
			isa = PBXNativeTarget;
			buildConfigurationList = 61410F591B446E130058F3BC /* Build configuration list for PBXNativeTarget "Homework#2MadLibsTests" */;
			buildPhases = (
				61410F3E1B446E130058F3BC /* Sources */,
				61410F3F1B446E130058F3BC /* Frameworks */,
				61410F401B446E130058F3BC /* Resources */,
			);
			buildRules = (
			);
			dependencies = (
				61410F441B446E130058F3BC /* PBXTargetDependency */,
			);
			name = "Homework#2MadLibsTests";
			productName = "Homework#2MadLibsTests";
			productReference = 61410F421B446E130058F3BC /* Homework#2MadLibsTests.xctest */;
			productType = "com.apple.product-type.bundle.unit-test";
		};
		61410F4C1B446E130058F3BC /* Homework#2MadLibsUITests */ = {
			isa = PBXNativeTarget;
			buildConfigurationList = 61410F5C1B446E130058F3BC /* Build configuration list for PBXNativeTarget "Homework#2MadLibsUITests" */;
			buildPhases = (
				61410F491B446E130058F3BC /* Sources */,
				61410F4A1B446E130058F3BC /* Frameworks */,
				61410F4B1B446E130058F3BC /* Resources */,
			);
			buildRules = (
			);
			dependencies = (
				61410F4F1B446E130058F3BC /* PBXTargetDependency */,
			);
			name = "Homework#2MadLibsUITests";
			productName = "Homework#2MadLibsUITests";
			productReference = 61410F4D1B446E130058F3BC /* Homework#2MadLibsUITests.xctest */;
			productType = "com.apple.product-type.bundle.ui-testing";
		};
/* End PBXNativeTarget section */

/* Begin PBXProject section */
		61410F261B446E130058F3BC /* Project object */ = {
			isa = PBXProject;
			attributes = {
				LastUpgradeCheck = 0700;
				ORGANIZATIONNAME = "mia willett";
				TargetAttributes = {
					61410F2D1B446E130058F3BC = {
						CreatedOnToolsVersion = 7.0;
					};
					61410F411B446E130058F3BC = {
						CreatedOnToolsVersion = 7.0;
						TestTargetID = 61410F2D1B446E130058F3BC;
					};
					61410F4C1B446E130058F3BC = {
						CreatedOnToolsVersion = 7.0;
						TestTargetID = 61410F2D1B446E130058F3BC;
					};
				};
			};
			buildConfigurationList = 61410F291B446E130058F3BC /* Build configuration list for PBXProject "Homework#2MadLibs" */;
			compatibilityVersion = "Xcode 3.2";
			developmentRegion = English;
			hasScannedForEncodings = 0;
			knownRegions = (
				en,
				Base,
			);
			mainGroup = 61410F251B446E130058F3BC;
			productRefGroup = 61410F2F1B446E130058F3BC /* Products */;
			projectDirPath = "";
			projectRoot = "";
			targets = (
				61410F2D1B446E130058F3BC /* Homework#2MadLibs */,
				61410F411B446E130058F3BC /* Homework#2MadLibsTests */,
				61410F4C1B446E130058F3BC /* Homework#2MadLibsUITests */,
			);
		};
/* End PBXProject section */

/* Begin PBXResourcesBuildPhase section */
		61410F2C1B446E130058F3BC /* Resources */ = {
			isa = PBXResourcesBuildPhase;
			buildActionMask = 2147483647;
			files = (
				61410F3C1B446E130058F3BC /* LaunchScreen.storyboard in Resources */,
				61410F391B446E130058F3BC /* Assets.xcassets in Resources */,
				61410F371B446E130058F3BC /* Main.storyboard in Resources */,
			);
			runOnlyForDeploymentPostprocessing = 0;
		};
		61410F401B446E130058F3BC /* Resources */ = {
			isa = PBXResourcesBuildPhase;
			buildActionMask = 2147483647;
			files = (
			);
			runOnlyForDeploymentPostprocessing = 0;
		};
		61410F4B1B446E130058F3BC /* Resources */ = {
			isa = PBXResourcesBuildPhase;
			buildActionMask = 2147483647;
			files = (
			);
			runOnlyForDeploymentPostprocessing = 0;
		};
/* End PBXResourcesBuildPhase section */

/* Begin PBXSourcesBuildPhase section */
		61410F2A1B446E130058F3BC /* Sources */ = {
			isa = PBXSourcesBuildPhase;
			buildActionMask = 2147483647;
			files = (
				61410F341B446E130058F3BC /* ViewController.swift in Sources */,
				61410F321B446E130058F3BC /* AppDelegate.swift in Sources */,
			);
			runOnlyForDeploymentPostprocessing = 0;
		};
		61410F3E1B446E130058F3BC /* Sources */ = {
			isa = PBXSourcesBuildPhase;
			buildActionMask = 2147483647;
			files = (
				61410F471B446E130058F3BC /* Homework_2MadLibsTests.swift in Sources */,
			);
			runOnlyForDeploymentPostprocessing = 0;
		};
		61410F491B446E130058F3BC /* Sources */ = {
			isa = PBXSourcesBuildPhase;
			buildActionMask = 2147483647;
			files = (
				61410F521B446E130058F3BC /* Homework_2MadLibsUITests.swift in Sources */,
			);
			runOnlyForDeploymentPostprocessing = 0;
		};
/* End PBXSourcesBuildPhase section */

/* Begin PBXTargetDependency section */
		61410F441B446E130058F3BC /* PBXTargetDependency */ = {
			isa = PBXTargetDependency;
			target = 61410F2D1B446E130058F3BC /* Homework#2MadLibs */;
			targetProxy = 61410F431B446E130058F3BC /* PBXContainerItemProxy */;
		};
		61410F4F1B446E130058F3BC /* PBXTargetDependency */ = {
			isa = PBXTargetDependency;
			target = 61410F2D1B446E130058F3BC /* Homework#2MadLibs */;
			targetProxy = 61410F4E1B446E130058F3BC /* PBXContainerItemProxy */;
		};
/* End PBXTargetDependency section */

/* Begin PBXVariantGroup section */
		61410F351B446E130058F3BC /* Main.storyboard */ = {
			isa = PBXVariantGroup;
			children = (
				61410F361B446E130058F3BC /* Base */,
			);
			name = Main.storyboard;
			sourceTree = "<group>";
		};
		61410F3A1B446E130058F3BC /* LaunchScreen.storyboard */ = {
			isa = PBXVariantGroup;
			children = (
				61410F3B1B446E130058F3BC /* Base */,
			);
			name = LaunchScreen.storyboard;
			sourceTree = "<group>";
		};
/* End PBXVariantGroup section */

/* Begin XCBuildConfiguration section */
		61410F541B446E130058F3BC /* Debug */ = {
			isa = XCBuildConfiguration;
			buildSettings = {
				ALWAYS_SEARCH_USER_PATHS = NO;
				CLANG_CXX_LANGUAGE_STANDARD = "gnu++0x";
				CLANG_CXX_LIBRARY = "libc++";
				CLANG_ENABLE_MODULES = YES;
				CLANG_ENABLE_OBJC_ARC = YES;
				CLANG_WARN_BOOL_CONVERSION = YES;
				CLANG_WARN_CONSTANT_CONVERSION = YES;
				CLANG_WARN_DIRECT_OBJC_ISA_USAGE = YES_ERROR;
				CLANG_WARN_EMPTY_BODY = YES;
				CLANG_WARN_ENUM_CONVERSION = YES;
				CLANG_WARN_INT_CONVERSION = YES;
				CLANG_WARN_OBJC_ROOT_CLASS = YES_ERROR;
				CLANG_WARN_UNREACHABLE_CODE = YES;
				CLANG_WARN__DUPLICATE_METHOD_MATCH = YES;
				"CODE_SIGN_IDENTITY[sdk=iphoneos*]" = "iPhone Developer";
				COPY_PHASE_STRIP = NO;
				DEBUG_INFORMATION_FORMAT = dwarf;
				ENABLE_STRICT_OBJC_MSGSEND = YES;
				ENABLE_TESTABILITY = YES;
				GCC_C_LANGUAGE_STANDARD = gnu99;
				GCC_DYNAMIC_NO_PIC = NO;
				GCC_NO_COMMON_BLOCKS = YES;
				GCC_OPTIMIZATION_LEVEL = 0;
				GCC_PREPROCESSOR_DEFINITIONS = (
					"DEBUG=1",
					"$(inherited)",
				);
				GCC_WARN_64_TO_32_BIT_CONVERSION = YES;
				GCC_WARN_ABOUT_RETURN_TYPE = YES_ERROR;
				GCC_WARN_UNDECLARED_SELECTOR = YES;
				GCC_WARN_UNINITIALIZED_AUTOS = YES_AGGRESSIVE;
				GCC_WARN_UNUSED_FUNCTION = YES;
				GCC_WARN_UNUSED_VARIABLE = YES;
				IPHONEOS_DEPLOYMENT_TARGET = 9.0;
				MTL_ENABLE_DEBUG_INFO = YES;
				ONLY_ACTIVE_ARCH = YES;
				SDKROOT = iphoneos;
				SWIFT_OPTIMIZATION_LEVEL = "-Onone";
				TARGETED_DEVICE_FAMILY = "1,2";
			};
			name = Debug;
		};
		61410F551B446E130058F3BC /* Release */ = {
			isa = XCBuildConfiguration;
			buildSettings = {
				ALWAYS_SEARCH_USER_PATHS = NO;
				CLANG_CXX_LANGUAGE_STANDARD = "gnu++0x";
				CLANG_CXX_LIBRARY = "libc++";
				CLANG_ENABLE_MODULES = YES;
				CLANG_ENABLE_OBJC_ARC = YES;
				CLANG_WARN_BOOL_CONVERSION = YES;
				CLANG_WARN_CONSTANT_CONVERSION = YES;
				CLANG_WARN_DIRECT_OBJC_ISA_USAGE = YES_ERROR;
				CLANG_WARN_EMPTY_BODY = YES;
				CLANG_WARN_ENUM_CONVERSION = YES;
				CLANG_WARN_INT_CONVERSION = YES;
				CLANG_WARN_OBJC_ROOT_CLASS = YES_ERROR;
				CLANG_WARN_UNREACHABLE_CODE = YES;
				CLANG_WARN__DUPLICATE_METHOD_MATCH = YES;
				"CODE_SIGN_IDENTITY[sdk=iphoneos*]" = "iPhone Developer";
				COPY_PHASE_STRIP = NO;
				DEBUG_INFORMATION_FORMAT = "dwarf-with-dsym";
				ENABLE_NS_ASSERTIONS = NO;
				ENABLE_STRICT_OBJC_MSGSEND = YES;
				GCC_C_LANGUAGE_STANDARD = gnu99;
				GCC_NO_COMMON_BLOCKS = YES;
				GCC_WARN_64_TO_32_BIT_CONVERSION = YES;
				GCC_WARN_ABOUT_RETURN_TYPE = YES_ERROR;
				GCC_WARN_UNDECLARED_SELECTOR = YES;
				GCC_WARN_UNINITIALIZED_AUTOS = YES_AGGRESSIVE;
				GCC_WARN_UNUSED_FUNCTION = YES;
				GCC_WARN_UNUSED_VARIABLE = YES;
				IPHONEOS_DEPLOYMENT_TARGET = 9.0;
				MTL_ENABLE_DEBUG_INFO = NO;
				SDKROOT = iphoneos;
				TARGETED_DEVICE_FAMILY = "1,2";
				VALIDATE_PRODUCT = YES;
			};
			name = Release;
		};
		61410F571B446E130058F3BC /* Debug */ = {
			isa = XCBuildConfiguration;
			buildSettings = {
				ASSETCATALOG_COMPILER_APPICON_NAME = AppIcon;
				INFOPLIST_FILE = "Homework#2MadLibs/Info.plist";
				LD_RUNPATH_SEARCH_PATHS = "$(inherited) @executable_path/Frameworks";
				PRODUCT_BUNDLE_IDENTIFIER = "com.willett.Homework-2MadLibs";
				PRODUCT_NAME = "$(TARGET_NAME)";
			};
			name = Debug;
		};
		61410F581B446E130058F3BC /* Release */ = {
			isa = XCBuildConfiguration;
			buildSettings = {
				ASSETCATALOG_COMPILER_APPICON_NAME = AppIcon;
				INFOPLIST_FILE = "Homework#2MadLibs/Info.plist";
				LD_RUNPATH_SEARCH_PATHS = "$(inherited) @executable_path/Frameworks";
				PRODUCT_BUNDLE_IDENTIFIER = "com.willett.Homework-2MadLibs";
				PRODUCT_NAME = "$(TARGET_NAME)";
			};
			name = Release;
		};
		61410F5A1B446E130058F3BC /* Debug */ = {
			isa = XCBuildConfiguration;
			buildSettings = {
				BUNDLE_LOADER = "$(TEST_HOST)";
				INFOPLIST_FILE = "Homework#2MadLibsTests/Info.plist";
				LD_RUNPATH_SEARCH_PATHS = "$(inherited) @executable_path/Frameworks @loader_path/Frameworks";
				PRODUCT_BUNDLE_IDENTIFIER = "com.willett.Homework-2MadLibsTests";
				PRODUCT_NAME = "$(TARGET_NAME)";
				TEST_HOST = "$(BUILT_PRODUCTS_DIR)/Homework#2MadLibs.app/Homework#2MadLibs";
			};
			name = Debug;
		};
		61410F5B1B446E130058F3BC /* Release */ = {
			isa = XCBuildConfiguration;
			buildSettings = {
				BUNDLE_LOADER = "$(TEST_HOST)";
				INFOPLIST_FILE = "Homework#2MadLibsTests/Info.plist";
				LD_RUNPATH_SEARCH_PATHS = "$(inherited) @executable_path/Frameworks @loader_path/Frameworks";
				PRODUCT_BUNDLE_IDENTIFIER = "com.willett.Homework-2MadLibsTests";
				PRODUCT_NAME = "$(TARGET_NAME)";
				TEST_HOST = "$(BUILT_PRODUCTS_DIR)/Homework#2MadLibs.app/Homework#2MadLibs";
			};
			name = Release;
		};
		61410F5D1B446E130058F3BC /* Debug */ = {
			isa = XCBuildConfiguration;
			buildSettings = {
				INFOPLIST_FILE = "Homework#2MadLibsUITests/Info.plist";
				LD_RUNPATH_SEARCH_PATHS = "$(inherited) @executable_path/Frameworks @loader_path/Frameworks";
				PRODUCT_BUNDLE_IDENTIFIER = "com.willett.Homework-2MadLibsUITests";
				PRODUCT_NAME = "$(TARGET_NAME)";
				TEST_TARGET_NAME = "Homework#2MadLibs";
				USES_XCTRUNNER = YES;
			};
			name = Debug;
		};
		61410F5E1B446E130058F3BC /* Release */ = {
			isa = XCBuildConfiguration;
			buildSettings = {
				INFOPLIST_FILE = "Homework#2MadLibsUITests/Info.plist";
				LD_RUNPATH_SEARCH_PATHS = "$(inherited) @executable_path/Frameworks @loader_path/Frameworks";
				PRODUCT_BUNDLE_IDENTIFIER = "com.willett.Homework-2MadLibsUITests";
				PRODUCT_NAME = "$(TARGET_NAME)";
				TEST_TARGET_NAME = "Homework#2MadLibs";
				USES_XCTRUNNER = YES;
			};
			name = Release;
		};
/* End XCBuildConfiguration section */

/* Begin XCConfigurationList section */
		61410F291B446E130058F3BC /* Build configuration list for PBXProject "Homework#2MadLibs" */ = {
			isa = XCConfigurationList;
			buildConfigurations = (
				61410F541B446E130058F3BC /* Debug */,
				61410F551B446E130058F3BC /* Release */,
			);
			defaultConfigurationIsVisible = 0;
			defaultConfigurationName = Release;
		};
		61410F561B446E130058F3BC /* Build configuration list for PBXNativeTarget "Homework#2MadLibs" */ = {
			isa = XCConfigurationList;
			buildConfigurations = (
				61410F571B446E130058F3BC /* Debug */,
				61410F581B446E130058F3BC /* Release */,
			);
			defaultConfigurationIsVisible = 0;
		};
		61410F591B446E130058F3BC /* Build configuration list for PBXNativeTarget "Homework#2MadLibsTests" */ = {
			isa = XCConfigurationList;
			buildConfigurations = (
				61410F5A1B446E130058F3BC /* Debug */,
				61410F5B1B446E130058F3BC /* Release */,
			);
			defaultConfigurationIsVisible = 0;
		};
		61410F5C1B446E130058F3BC /* Build configuration list for PBXNativeTarget "Homework#2MadLibsUITests" */ = {
			isa = XCConfigurationList;
			buildConfigurations = (
				61410F5D1B446E130058F3BC /* Debug */,
				61410F5E1B446E130058F3BC /* Release */,
			);
			defaultConfigurationIsVisible = 0;
		};
/* End XCConfigurationList section */
	};
	rootObject = 61410F261B446E130058F3BC /* Project object */;
}
